
Microsoft Visual Studio Solution File, Format Version 12.00
# Visual Studio Version 17
VisualStudioVersion = 17.8.34330.188
MinimumVisualStudioVersion = 10.0.40219.1
Project("{FAE04EC0-301F-11D3-BF4B-00C04F79EFBC}") = "CRUDUsuarios", "CRUDUsuarios.csproj", "{6441E228-8DAC-47E9-86D1-753C8B88BC2B}"
EndProject
Global
	GlobalSection(SolutionConfigurationPlatforms) = preSolution
		Debug|Any CPU = Debug|Any CPU
		Release|Any CPU = Release|Any CPU
	EndGlobalSection
	GlobalSection(ProjectConfigurationPlatforms) = postSolution
		{6441E228-8DAC-47E9-86D1-753C8B88BC2B}.Debug|Any CPU.ActiveCfg = Debug|Any CPU
		{6441E228-8DAC-47E9-86D1-753C8B88BC2B}.Debug|Any CPU.Build.0 = Debug|Any CPU
		{6441E228-8DAC-47E9-86D1-753C8B88BC2B}.Release|Any CPU.ActiveCfg = Release|Any CPU
		{6441E228-8DAC-47E9-86D1-753C8B88BC2B}.Release|Any CPU.Build.0 = Release|Any CPU
	EndGlobalSection
	GlobalSection(SolutionProperties) = preSolution
		HideSolutionNode = FALSE
	EndGlobalSection
	GlobalSection(ExtensibilityGlobals) = postSolution
		SolutionGuid = {F8CF5A70-E02D-416F-A261-B2C156A869A4}
	EndGlobalSection
EndGlobal
